{
  "name": "mediapipe_js_hands_ex_gael_2_particle_storm",
  "lockfileVersion": 2,
  "requires": true,
  "packages": {
    "": {
      "dependencies": {
        "@mediapipe/camera_utils": "^0.3.1632336052",
        "@mediapipe/hands": "^0.3.1630010197",
        "webcam-easy": "^1.0.5"
      }
    },
    "node_modules/@mediapipe/camera_utils": {
      "version": "0.3.1632336052",
      "resolved": "https://registry.npmjs.org/@mediapipe/camera_utils/-/camera_utils-0.3.1632336052.tgz",
      "integrity": "sha512-ivbiDo8rKbyj1pU/i+ecd0eOEICE6+WxGmZe9LoO4HiYPJhO1k+n6TIlOrENrDBRf2GcpN56PQOk+CdWqj0INA=="
    },
    "node_modules/@mediapipe/hands": {
      "version": "0.3.1630010197",
      "resolved": "https://registry.npmjs.org/@mediapipe/hands/-/hands-0.3.1630010197.tgz",
      "integrity": "sha512-xSVWlV4zl3RXJod8+eO0o0QqLL83D94hcKSEm0lHVcQqufzBLo+Qaes20p0wj4c+UEHT7BNNNdUXk9L18r13/w=="
    },
    "node_modules/webcam-easy": {
      "version": "1.0.5",
      "resolved": "https://registry.npmjs.org/webcam-easy/-/webcam-easy-1.0.5.tgz",
      "integrity": "sha512-YSXB21kfnwdrlPX/u1O5r8pbHxCaw3bsxhmvS1S9ixK/8n8LzxOduylqwVUSjYGSVJRhopJUN77SOh3Z0QgaIQ=="
    }
  },
  "dependencies": {
    "@mediapipe/camera_utils": {
      "version": "0.3.1632336052",
      "resolved": "https://registry.npmjs.org/@mediapipe/camera_utils/-/camera_utils-0.3.1632336052.tgz",
      "integrity": "sha512-ivbiDo8rKbyj1pU/i+ecd0eOEICE6+WxGmZe9LoO4HiYPJhO1k+n6TIlOrENrDBRf2GcpN56PQOk+CdWqj0INA=="
    },
    "@mediapipe/hands": {
      "version": "0.3.1630010197",
      "resolved": "https://registry.npmjs.org/@mediapipe/hands/-/hands-0.3.1630010197.tgz",
      "integrity": "sha512-xSVWlV4zl3RXJod8+eO0o0QqLL83D94hcKSEm0lHVcQqufzBLo+Qaes20p0wj4c+UEHT7BNNNdUXk9L18r13/w=="
    },
    "webcam-easy": {
      "version": "1.0.5",
      "resolved": "https://registry.npmjs.org/webcam-easy/-/webcam-easy-1.0.5.tgz",
      "integrity": "sha512-YSXB21kfnwdrlPX/u1O5r8pbHxCaw3bsxhmvS1S9ixK/8n8LzxOduylqwVUSjYGSVJRhopJUN77SOh3Z0QgaIQ=="
    }
  }
}
